
Microsoft Visual Studio Solution File, Format Version 12.00
Project("{FAE04EC0-301F-11D3-BF4B-00C04F79EFBC}") = "ExtraTask", "ExtraTask\ExtraTask.csproj", "{64B77783-3741-4530-8504-99D2BA2BD507}"
EndProject
Global
	GlobalSection(SolutionConfigurationPlatforms) = preSolution
		Debug|Any CPU = Debug|Any CPU
		Release|Any CPU = Release|Any CPU
	EndGlobalSection
	GlobalSection(ProjectConfigurationPlatforms) = postSolution
		{64B77783-3741-4530-8504-99D2BA2BD507}.Debug|Any CPU.ActiveCfg = Debug|Any CPU
		{64B77783-3741-4530-8504-99D2BA2BD507}.Debug|Any CPU.Build.0 = Debug|Any CPU
		{64B77783-3741-4530-8504-99D2BA2BD507}.Release|Any CPU.ActiveCfg = Release|Any CPU
		{64B77783-3741-4530-8504-99D2BA2BD507}.Release|Any CPU.Build.0 = Release|Any CPU
	EndGlobalSection
EndGlobal
